PODS:
  - React (0.11.0):
    - React/Core (= 0.11.0)
  - React/Core (0.11.0)
  - RNGestureHandler (1.5.1):
    - React
  - RNReanimated (1.4.0):
    - React

DEPENDENCIES:
  - RNGestureHandler (from `../node_modules/react-native-gesture-handler/RNGestureHandler.podspec`)
  - RNReanimated (from `../node_modules/react-native-reanimated`)

SPEC REPOS:
  trunk:
    - React

EXTERNAL SOURCES:
  RNGestureHandler:
    :podspec: "../node_modules/react-native-gesture-handler/RNGestureHandler.podspec"
  RNReanimated:
    :path: "../node_modules/react-native-reanimated"

SPEC CHECKSUMS:
  React: ab1a2e21deb34965c38328d5ec40cc7d12c6050a
  RNGestureHandler: 7add966bb5d90ee8cf38d4341f87814474357972
  RNReanimated: b2ab0b693dddd2339bd2f300e770f6302d2e960c

PODFILE CHECKSUM: 7396e1383ffa5395e77b25f7b6095351bf3d4574

COCOAPODS: 1.8.4
